
Microsoft Visual Studio Solution File, Format Version 12.00
# Visual Studio 2013
VisualStudioVersion = 12.0.21005.1
MinimumVisualStudioVersion = 10.0.40219.1
Project("{FAE04EC0-301F-11D3-BF4B-00C04F79EFBC}") = "CrazyFord", "CrazyFord\CrazyFord.csproj", "{BCDADAFF-96FD-45B4-AA4E-4C481B7D5B63}"
EndProject
Project("{FAE04EC0-301F-11D3-BF4B-00C04F79EFBC}") = "CrazyFord.Data", "CrazyFord.Data\CrazyFord.Data.csproj", "{DE23180F-CB39-4FC6-94A5-1926A297CDD1}"
EndProject
Global
	GlobalSection(SolutionConfigurationPlatforms) = preSolution
		Debug|Any CPU = Debug|Any CPU
		Release|Any CPU = Release|Any CPU
	EndGlobalSection
	GlobalSection(ProjectConfigurationPlatforms) = postSolution
		{BCDADAFF-96FD-45B4-AA4E-4C481B7D5B63}.Debug|Any CPU.ActiveCfg = Debug|Any CPU
		{BCDADAFF-96FD-45B4-AA4E-4C481B7D5B63}.Debug|Any CPU.Build.0 = Debug|Any CPU
		{BCDADAFF-96FD-45B4-AA4E-4C481B7D5B63}.Release|Any CPU.ActiveCfg = Release|Any CPU
		{BCDADAFF-96FD-45B4-AA4E-4C481B7D5B63}.Release|Any CPU.Build.0 = Release|Any CPU
		{DE23180F-CB39-4FC6-94A5-1926A297CDD1}.Debug|Any CPU.ActiveCfg = Debug|Any CPU
		{DE23180F-CB39-4FC6-94A5-1926A297CDD1}.Debug|Any CPU.Build.0 = Debug|Any CPU
		{DE23180F-CB39-4FC6-94A5-1926A297CDD1}.Release|Any CPU.ActiveCfg = Release|Any CPU
		{DE23180F-CB39-4FC6-94A5-1926A297CDD1}.Release|Any CPU.Build.0 = Release|Any CPU
	EndGlobalSection
	GlobalSection(SolutionProperties) = preSolution
		HideSolutionNode = FALSE
	EndGlobalSection
EndGlobal
